Microsoft Visual Studio Solution File, Format Version 12.00
# Visual Studio Version 17
VisualStudioVersion = 17.0.31903.59
MinimumVisualStudioVersion = 10.0.40219.1
Project("{FAE04EC0-301F-11D3-BF4B-00C04F79EFBC}") = "LocalAssistant.Api", "src\LocalAssistant.Api\LocalAssistant.Api.csproj", "{47D1988B-FD77-4247-B66E-9B362494651C}"
EndProject
Project("{FAE04EC0-301F-11D3-BF4B-00C04F79EFBC}") = "LocalAssistant.Core", "src\LocalAssistant.Core\LocalAssistant.Core.csproj", "{C971691D-91CF-43FD-9013-2710E180DE72}"
EndProject
Project("{FAE04EC0-301F-11D3-BF4B-00C04F79EFBC}") = "LocalAssistant.Tests", "tests\LocalAssistant.Tests\LocalAssistant.Tests.csproj", "{4EA421F7-9178-49F3-9E81-57EBB8F26663}"
EndProject
Project("{FAE04EC0-301F-11D3-BF4B-00C04F79EFBC}") = "LocalAssistant.Infrastructure", "src\LocalAssistant.Infrastructure\LocalAssistant.Infrastructure.csproj", "{B17AA836-03E7-47A0-AB3A-4B3E97EDFD59}"
EndProject
Project("{FAE04EC0-301F-11D3-BF4B-00C04F79EFBC}") = "LocalAssistant.DocumentSearchEvaluation", "src\LocalAssistant.DocumentSearchEvaluation\LocalAssistant.DocumentSearchEvaluation.csproj", "{812ADB07-7893-4DA0-A9A7-DA17EAE6C003}"
EndProject
Global
	GlobalSection(SolutionConfigurationPlatforms) = preSolution
		Debug|Any CPU = Debug|Any CPU
		Release|Any CPU = Release|Any CPU
	EndGlobalSection
	GlobalSection(ProjectConfigurationPlatforms) = postSolution
		{47D1988B-FD77-4247-B66E-9B362494651C}.Debug|Any CPU.ActiveCfg = Debug|Any CPU
		{47D1988B-FD77-4247-B66E-9B362494651C}.Debug|Any CPU.Build.0 = Debug|Any CPU
		{47D1988B-FD77-4247-B66E-9B362494651C}.Release|Any CPU.ActiveCfg = Release|Any CPU
		{47D1988B-FD77-4247-B66E-9B362494651C}.Release|Any CPU.Build.0 = Release|Any CPU
		{C971691D-91CF-43FD-9013-2710E180DE72}.Debug|Any CPU.ActiveCfg = Debug|Any CPU
		{C971691D-91CF-43FD-9013-2710E180DE72}.Debug|Any CPU.Build.0 = Debug|Any CPU
		{C971691D-91CF-43FD-9013-2710E180DE72}.Release|Any CPU.ActiveCfg = Release|Any CPU
		{C971691D-91CF-43FD-9013-2710E180DE72}.Release|Any CPU.Build.0 = Release|Any CPU
		{4EA421F7-9178-49F3-9E81-57EBB8F26663}.Debug|Any CPU.ActiveCfg = Debug|Any CPU
		{4EA421F7-9178-49F3-9E81-57EBB8F26663}.Debug|Any CPU.Build.0 = Debug|Any CPU
		{4EA421F7-9178-49F3-9E81-57EBB8F26663}.Release|Any CPU.ActiveCfg = Release|Any CPU
		{4EA421F7-9178-49F3-9E81-57EBB8F26663}.Release|Any CPU.Build.0 = Release|Any CPU
		{B17AA836-03E7-47A0-AB3A-4B3E97EDFD59}.Debug|Any CPU.ActiveCfg = Debug|Any CPU
		{B17AA836-03E7-47A0-AB3A-4B3E97EDFD59}.Debug|Any CPU.Build.0 = Debug|Any CPU
		{B17AA836-03E7-47A0-AB3A-4B3E97EDFD59}.Release|Any CPU.ActiveCfg = Release|Any CPU
		{B17AA836-03E7-47A0-AB3A-4B3E97EDFD59}.Release|Any CPU.Build.0 = Release|Any CPU
		{812ADB07-7893-4DA0-A9A7-DA17EAE6C003}.Debug|Any CPU.ActiveCfg = Debug|Any CPU
		{812ADB07-7893-4DA0-A9A7-DA17EAE6C003}.Debug|Any CPU.Build.0 = Debug|Any CPU
		{812ADB07-7893-4DA0-A9A7-DA17EAE6C003}.Release|Any CPU.ActiveCfg = Release|Any CPU
		{812ADB07-7893-4DA0-A9A7-DA17EAE6C003}.Release|Any CPU.Build.0 = Release|Any CPU
	EndGlobalSection
	GlobalSection(SolutionProperties) = preSolution
		HideSolutionNode = FALSE
	EndGlobalSection
EndGlobal
